
Microsoft Visual Studio Solution File, Format Version 12.00
# Visual Studio Version 16
VisualStudioVersion = 16.0.33927.289
MinimumVisualStudioVersion = 10.0.40219.1
Project("{2150E333-8FDC-42A3-9474-1A3956D46DE8}") = "Task1", "Task1", "{5481001E-5DA4-40A8-8970-181A0F96EBF8}"
EndProject
Project("{FAE04EC0-301F-11D3-BF4B-00C04F79EFBC}") = "Tyuiu.SugrovskiyNI.Sprint1.Task1.V9", "Tyuiu.SugrovskiyNI.Sprint1.Task1.V9\Tyuiu.SugrovskiyNI.Sprint1.Task1.V9.csproj", "{A6533A72-0FC2-4828-B21E-3C3283914704}"
EndProject
Project("{FAE04EC0-301F-11D3-BF4B-00C04F79EFBC}") = "Tyuiu.SugrovskiyNI.Sprint1.Task1.V9.Lib", "Tyuiu.SugrovskiyNI.Sprint1.Task1.V9.Lib\Tyuiu.SugrovskiyNI.Sprint1.Task1.V9.Lib.csproj", "{17D16488-B2C6-4214-A4F7-7396B6A50CB6}"
EndProject
Project("{FAE04EC0-301F-11D3-BF4B-00C04F79EFBC}") = "Tyuiu.SugrovskiyNI.Sprint1.Task1.V9.Test", "Tyuiu.SugrovskiyNI.Sprint1.Task1.V9.Test\Tyuiu.SugrovskiyNI.Sprint1.Task1.V9.Test.csproj", "{90296A31-3FE2-4F2D-875C-D24CFBA3F867}"
EndProject
Project("{2150E333-8FDC-42A3-9474-1A3956D46DE8}") = "Task0", "Task0", "{00B43E0B-9AD2-43B6-A7F7-1CDF98FB9879}"
EndProject
Project("{FAE04EC0-301F-11D3-BF4B-00C04F79EFBC}") = "Tyuiu.SugrovskiyNI.Sprint1.Task0.V27", "Tyuiu.SugrovskiyNI.Sprint1.Task0.V27\Tyuiu.SugrovskiyNI.Sprint1.Task0.V27.csproj", "{EDF218EC-133F-48AD-BCF7-DA75FAB893EB}"
EndProject
Project("{FAE04EC0-301F-11D3-BF4B-00C04F79EFBC}") = "Tyuiu.SugrovskiyNI.Sprint1.Task0.V27.Lib", "Tyuiu.SugrovskiyNI.Sprint1.Task0.V27.Lib\Tyuiu.SugrovskiyNI.Sprint1.Task0.V27.Lib.csproj", "{27FA756E-F28B-4614-9CDA-8080B5B612A9}"
EndProject
Project("{FAE04EC0-301F-11D3-BF4B-00C04F79EFBC}") = "Tyuiu.SugrovskiyNI.Sprint1.Task0.V27.Test", "Tyuiu.SugrovskiyNI.Sprint1.Task0.V27.Test\Tyuiu.SugrovskiyNI.Sprint1.Task0.V27.Test.csproj", "{C67D6A7E-AE15-43E1-9869-66579DF3B409}"
EndProject
Project("{2150E333-8FDC-42A3-9474-1A3956D46DE8}") = "Task2", "Task2", "{335F9BE1-F7BF-4E0E-BA8A-962FBE26E7CE}"
EndProject
Project("{FAE04EC0-301F-11D3-BF4B-00C04F79EFBC}") = "Tyuiu.SugrovskiyNI.Sprint1.Task2.V10", "Tyuiu.SugrovskiyNI.Sprint1.Task2.V14\Tyuiu.SugrovskiyNI.Sprint1.Task2.V10.csproj", "{81F628D5-FEE8-4C70-A20A-978FD41F8097}"
EndProject
Project("{FAE04EC0-301F-11D3-BF4B-00C04F79EFBC}") = "Tyuiu.SugrovskiyNI.Sprint1.Task2.V10.Lib", "Tyuiu.SugrovskiyNI.Sprint1.Task2.V14.Lib\Tyuiu.SugrovskiyNI.Sprint1.Task2.V10.Lib.csproj", "{538DF344-0531-4D4C-9D78-0F69A0825CE4}"
EndProject
Project("{FAE04EC0-301F-11D3-BF4B-00C04F79EFBC}") = "Tyuiu.SugrovskiyNI.Sprint1.Task2.V10.Test", "Tyuiu.SugrovskiyNI.Sprint1.Task2.V14.Test\Tyuiu.SugrovskiyNI.Sprint1.Task2.V10.Test.csproj", "{D770895A-1A3C-42EA-8D53-4D1CD5978746}"
EndProject
Project("{2150E333-8FDC-42A3-9474-1A3956D46DE8}") = "Task3", "Task3", "{3B5E7A0F-C40B-4050-BEFC-85E5342CE26A}"
EndProject
Project("{FAE04EC0-301F-11D3-BF4B-00C04F79EFBC}") = "Tyuiu.SugrovskiyNI.Sprint1.Task3.V15", "Tyuiu.SugrovskiyNI.Sprint1.Task3.V15\Tyuiu.SugrovskiyNI.Sprint1.Task3.V15.csproj", "{DF85A80B-D402-4F50-9237-8380D9B59665}"
EndProject
Project("{FAE04EC0-301F-11D3-BF4B-00C04F79EFBC}") = "Tyuiu.SugrovskiyNI.Sprint1.Task3.V15.Lib", "Tyuiu.SugrovskiyNI.Sprint1.Task3.V15.Lib\Tyuiu.SugrovskiyNI.Sprint1.Task3.V15.Lib.csproj", "{6FC45A40-E165-48F2-B30C-9E053321E934}"
EndProject
Project("{FAE04EC0-301F-11D3-BF4B-00C04F79EFBC}") = "Tyuiu.SugrovskiyNI.Sprint1.Task3.V15.Test", "Tyuiu.SugrovskiyNI.Sprint1.Task3.V15.Test\Tyuiu.SugrovskiyNI.Sprint1.Task3.V15.Test.csproj", "{54A2BB75-474D-4ECC-8250-24B77E2ECD25}"
EndProject
Project("{2150E333-8FDC-42A3-9474-1A3956D46DE8}") = "Task4", "Task4", "{CE298CF4-01C5-4B89-8D1E-27E6F87FB163}"
EndProject
Project("{FAE04EC0-301F-11D3-BF4B-00C04F79EFBC}") = "Tyuiu.SugrovskiyNI.Sprint1.Task4.V7", "Tyuiu.SugrovskiyNI.Sprint1.Task4.V7\Tyuiu.SugrovskiyNI.Sprint1.Task4.V7.csproj", "{BC96C4C9-1743-4B5B-90A2-A6DE88BC7E73}"
EndProject
Project("{FAE04EC0-301F-11D3-BF4B-00C04F79EFBC}") = "Tyuiu.SugrovskiyNI.Sprint1.Task4.V7.Lib", "Tyuiu.SugrovskiyNI.Sprint1.Task4.V7.Lib\Tyuiu.SugrovskiyNI.Sprint1.Task4.V7.Lib.csproj", "{F1CE05E9-0CE8-46EE-BAC8-9A80EA5E36E6}"
EndProject
Project("{FAE04EC0-301F-11D3-BF4B-00C04F79EFBC}") = "Tyuiu.SugrovskiyNI.Sprint1.Task4.V7.Test", "Tyuiu.SugrovskiyNI.Sprint1.Task4.V7.Test\Tyuiu.SugrovskiyNI.Sprint1.Task4.V7.Test.csproj", "{5DD68CF9-D19C-49F4-9A41-DF2921ACD727}"
EndProject
Project("{2150E333-8FDC-42A3-9474-1A3956D46DE8}") = "Task5", "Task5", "{1F153935-3BC6-4865-843E-828A64F13D18}"
EndProject
Project("{FAE04EC0-301F-11D3-BF4B-00C04F79EFBC}") = "Tyuiu.SugrovskiyNI.Sprint1.Task5.V5", "Tyuiu.SugrovskiyNI.Sprint1.Task5.V5\Tyuiu.SugrovskiyNI.Sprint1.Task5.V5.csproj", "{30B96EA9-24E1-4692-9BAB-8C26283EE723}"
EndProject
Project("{FAE04EC0-301F-11D3-BF4B-00C04F79EFBC}") = "Tyuiu.SugrovskiyNI.Sprint1.Task5.V5.Lib", "Tyuiu.SugrovskiyNI.Sprint1.Task5.V5.Lib\Tyuiu.SugrovskiyNI.Sprint1.Task5.V5.Lib.csproj", "{39358A0D-1542-4428-8632-7538AE1E127F}"
EndProject
Project("{FAE04EC0-301F-11D3-BF4B-00C04F79EFBC}") = "Tyuiu.SugrovskiyNI.Sprint1.Task5.V5.Test", "Tyuiu.SugrovskiyNI.Sprint1.Task5.V5.Test\Tyuiu.SugrovskiyNI.Sprint1.Task5.V5.Test.csproj", "{CB881EE6-FFDB-4F09-98C7-832DB59E278D}"
EndProject
Global
	GlobalSection(SolutionConfigurationPlatforms) = preSolution
		Debug|Any CPU = Debug|Any CPU
		Release|Any CPU = Release|Any CPU
	EndGlobalSection
	GlobalSection(ProjectConfigurationPlatforms) = postSolution
		{A6533A72-0FC2-4828-B21E-3C3283914704}.Debug|Any CPU.ActiveCfg = Debug|Any CPU
		{A6533A72-0FC2-4828-B21E-3C3283914704}.Debug|Any CPU.Build.0 = Debug|Any CPU
		{A6533A72-0FC2-4828-B21E-3C3283914704}.Release|Any CPU.ActiveCfg = Release|Any CPU
		{A6533A72-0FC2-4828-B21E-3C3283914704}.Release|Any CPU.Build.0 = Release|Any CPU
		{17D16488-B2C6-4214-A4F7-7396B6A50CB6}.Debug|Any CPU.ActiveCfg = Debug|Any CPU
		{17D16488-B2C6-4214-A4F7-7396B6A50CB6}.Debug|Any CPU.Build.0 = Debug|Any CPU
		{17D16488-B2C6-4214-A4F7-7396B6A50CB6}.Release|Any CPU.ActiveCfg = Release|Any CPU
		{17D16488-B2C6-4214-A4F7-7396B6A50CB6}.Release|Any CPU.Build.0 = Release|Any CPU
		{90296A31-3FE2-4F2D-875C-D24CFBA3F867}.Debug|Any CPU.ActiveCfg = Debug|Any CPU
		{90296A31-3FE2-4F2D-875C-D24CFBA3F867}.Debug|Any CPU.Build.0 = Debug|Any CPU
		{90296A31-3FE2-4F2D-875C-D24CFBA3F867}.Release|Any CPU.ActiveCfg = Release|Any CPU
		{90296A31-3FE2-4F2D-875C-D24CFBA3F867}.Release|Any CPU.Build.0 = Release|Any CPU
		{EDF218EC-133F-48AD-BCF7-DA75FAB893EB}.Debug|Any CPU.ActiveCfg = Debug|Any CPU
		{EDF218EC-133F-48AD-BCF7-DA75FAB893EB}.Debug|Any CPU.Build.0 = Debug|Any CPU
		{EDF218EC-133F-48AD-BCF7-DA75FAB893EB}.Release|Any CPU.ActiveCfg = Release|Any CPU
		{EDF218EC-133F-48AD-BCF7-DA75FAB893EB}.Release|Any CPU.Build.0 = Release|Any CPU
		{27FA756E-F28B-4614-9CDA-8080B5B612A9}.Debug|Any CPU.ActiveCfg = Debug|Any CPU
		{27FA756E-F28B-4614-9CDA-8080B5B612A9}.Debug|Any CPU.Build.0 = Debug|Any CPU
		{27FA756E-F28B-4614-9CDA-8080B5B612A9}.Release|Any CPU.ActiveCfg = Release|Any CPU
		{27FA756E-F28B-4614-9CDA-8080B5B612A9}.Release|Any CPU.Build.0 = Release|Any CPU
		{C67D6A7E-AE15-43E1-9869-66579DF3B409}.Debug|Any CPU.ActiveCfg = Debug|Any CPU
		{C67D6A7E-AE15-43E1-9869-66579DF3B409}.Debug|Any CPU.Build.0 = Debug|Any CPU
		{C67D6A7E-AE15-43E1-9869-66579DF3B409}.Release|Any CPU.ActiveCfg = Release|Any CPU
		{C67D6A7E-AE15-43E1-9869-66579DF3B409}.Release|Any CPU.Build.0 = Release|Any CPU
		{81F628D5-FEE8-4C70-A20A-978FD41F8097}.Debug|Any CPU.ActiveCfg = Debug|Any CPU
		{81F628D5-FEE8-4C70-A20A-978FD41F8097}.Debug|Any CPU.Build.0 = Debug|Any CPU
		{81F628D5-FEE8-4C70-A20A-978FD41F8097}.Release|Any CPU.ActiveCfg = Release|Any CPU
		{81F628D5-FEE8-4C70-A20A-978FD41F8097}.Release|Any CPU.Build.0 = Release|Any CPU
		{538DF344-0531-4D4C-9D78-0F69A0825CE4}.Debug|Any CPU.ActiveCfg = Debug|Any CPU
		{538DF344-0531-4D4C-9D78-0F69A0825CE4}.Debug|Any CPU.Build.0 = Debug|Any CPU
		{538DF344-0531-4D4C-9D78-0F69A0825CE4}.Release|Any CPU.ActiveCfg = Release|Any CPU
		{538DF344-0531-4D4C-9D78-0F69A0825CE4}.Release|Any CPU.Build.0 = Release|Any CPU
		{D770895A-1A3C-42EA-8D53-4D1CD5978746}.Debug|Any CPU.ActiveCfg = Debug|Any CPU
		{D770895A-1A3C-42EA-8D53-4D1CD5978746}.Debug|Any CPU.Build.0 = Debug|Any CPU
		{D770895A-1A3C-42EA-8D53-4D1CD5978746}.Release|Any CPU.ActiveCfg = Release|Any CPU
		{D770895A-1A3C-42EA-8D53-4D1CD5978746}.Release|Any CPU.Build.0 = Release|Any CPU
		{DF85A80B-D402-4F50-9237-8380D9B59665}.Debug|Any CPU.ActiveCfg = Debug|Any CPU
		{DF85A80B-D402-4F50-9237-8380D9B59665}.Debug|Any CPU.Build.0 = Debug|Any CPU
		{DF85A80B-D402-4F50-9237-8380D9B59665}.Release|Any CPU.ActiveCfg = Release|Any CPU
		{DF85A80B-D402-4F50-9237-8380D9B59665}.Release|Any CPU.Build.0 = Release|Any CPU
		{6FC45A40-E165-48F2-B30C-9E053321E934}.Debug|Any CPU.ActiveCfg = Debug|Any CPU
		{6FC45A40-E165-48F2-B30C-9E053321E934}.Debug|Any CPU.Build.0 = Debug|Any CPU
		{6FC45A40-E165-48F2-B30C-9E053321E934}.Release|Any CPU.ActiveCfg = Release|Any CPU
		{6FC45A40-E165-48F2-B30C-9E053321E934}.Release|Any CPU.Build.0 = Release|Any CPU
		{54A2BB75-474D-4ECC-8250-24B77E2ECD25}.Debug|Any CPU.ActiveCfg = Debug|Any CPU
		{54A2BB75-474D-4ECC-8250-24B77E2ECD25}.Debug|Any CPU.Build.0 = Debug|Any CPU
		{54A2BB75-474D-4ECC-8250-24B77E2ECD25}.Release|Any CPU.ActiveCfg = Release|Any CPU
		{54A2BB75-474D-4ECC-8250-24B77E2ECD25}.Release|Any CPU.Build.0 = Release|Any CPU
		{BC96C4C9-1743-4B5B-90A2-A6DE88BC7E73}.Debug|Any CPU.ActiveCfg = Debug|Any CPU
		{BC96C4C9-1743-4B5B-90A2-A6DE88BC7E73}.Debug|Any CPU.Build.0 = Debug|Any CPU
		{BC96C4C9-1743-4B5B-90A2-A6DE88BC7E73}.Release|Any CPU.ActiveCfg = Release|Any CPU
		{BC96C4C9-1743-4B5B-90A2-A6DE88BC7E73}.Release|Any CPU.Build.0 = Release|Any CPU
		{F1CE05E9-0CE8-46EE-BAC8-9A80EA5E36E6}.Debug|Any CPU.ActiveCfg = Debug|Any CPU
		{F1CE05E9-0CE8-46EE-BAC8-9A80EA5E36E6}.Debug|Any CPU.Build.0 = Debug|Any CPU
		{F1CE05E9-0CE8-46EE-BAC8-9A80EA5E36E6}.Release|Any CPU.ActiveCfg = Release|Any CPU
		{F1CE05E9-0CE8-46EE-BAC8-9A80EA5E36E6}.Release|Any CPU.Build.0 = Release|Any CPU
		{5DD68CF9-D19C-49F4-9A41-DF2921ACD727}.Debug|Any CPU.ActiveCfg = Debug|Any CPU
		{5DD68CF9-D19C-49F4-9A41-DF2921ACD727}.Debug|Any CPU.Build.0 = Debug|Any CPU
		{5DD68CF9-D19C-49F4-9A41-DF2921ACD727}.Release|Any CPU.ActiveCfg = Release|Any CPU
		{5DD68CF9-D19C-49F4-9A41-DF2921ACD727}.Release|Any CPU.Build.0 = Release|Any CPU
		{30B96EA9-24E1-4692-9BAB-8C26283EE723}.Debug|Any CPU.ActiveCfg = Debug|Any CPU
		{30B96EA9-24E1-4692-9BAB-8C26283EE723}.Debug|Any CPU.Build.0 = Debug|Any CPU
		{30B96EA9-24E1-4692-9BAB-8C26283EE723}.Release|Any CPU.ActiveCfg = Release|Any CPU
		{30B96EA9-24E1-4692-9BAB-8C26283EE723}.Release|Any CPU.Build.0 = Release|Any CPU
		{39358A0D-1542-4428-8632-7538AE1E127F}.Debug|Any CPU.ActiveCfg = Debug|Any CPU
		{39358A0D-1542-4428-8632-7538AE1E127F}.Debug|Any CPU.Build.0 = Debug|Any CPU
		{39358A0D-1542-4428-8632-7538AE1E127F}.Release|Any CPU.ActiveCfg = Release|Any CPU
		{39358A0D-1542-4428-8632-7538AE1E127F}.Release|Any CPU.Build.0 = Release|Any CPU
		{CB881EE6-FFDB-4F09-98C7-832DB59E278D}.Debug|Any CPU.ActiveCfg = Debug|Any CPU
		{CB881EE6-FFDB-4F09-98C7-832DB59E278D}.Debug|Any CPU.Build.0 = Debug|Any CPU
		{CB881EE6-FFDB-4F09-98C7-832DB59E278D}.Release|Any CPU.ActiveCfg = Release|Any CPU
		{CB881EE6-FFDB-4F09-98C7-832DB59E278D}.Release|Any CPU.Build.0 = Release|Any CPU
	EndGlobalSection
	GlobalSection(SolutionProperties) = preSolution
		HideSolutionNode = FALSE
	EndGlobalSection
	GlobalSection(NestedProjects) = preSolution
		{A6533A72-0FC2-4828-B21E-3C3283914704} = {5481001E-5DA4-40A8-8970-181A0F96EBF8}
		{17D16488-B2C6-4214-A4F7-7396B6A50CB6} = {5481001E-5DA4-40A8-8970-181A0F96EBF8}
		{90296A31-3FE2-4F2D-875C-D24CFBA3F867} = {5481001E-5DA4-40A8-8970-181A0F96EBF8}
		{EDF218EC-133F-48AD-BCF7-DA75FAB893EB} = {00B43E0B-9AD2-43B6-A7F7-1CDF98FB9879}
		{27FA756E-F28B-4614-9CDA-8080B5B612A9} = {00B43E0B-9AD2-43B6-A7F7-1CDF98FB9879}
		{C67D6A7E-AE15-43E1-9869-66579DF3B409} = {00B43E0B-9AD2-43B6-A7F7-1CDF98FB9879}
		{81F628D5-FEE8-4C70-A20A-978FD41F8097} = {335F9BE1-F7BF-4E0E-BA8A-962FBE26E7CE}
		{538DF344-0531-4D4C-9D78-0F69A0825CE4} = {335F9BE1-F7BF-4E0E-BA8A-962FBE26E7CE}
		{D770895A-1A3C-42EA-8D53-4D1CD5978746} = {335F9BE1-F7BF-4E0E-BA8A-962FBE26E7CE}
		{DF85A80B-D402-4F50-9237-8380D9B59665} = {3B5E7A0F-C40B-4050-BEFC-85E5342CE26A}
		{6FC45A40-E165-48F2-B30C-9E053321E934} = {3B5E7A0F-C40B-4050-BEFC-85E5342CE26A}
		{54A2BB75-474D-4ECC-8250-24B77E2ECD25} = {3B5E7A0F-C40B-4050-BEFC-85E5342CE26A}
		{BC96C4C9-1743-4B5B-90A2-A6DE88BC7E73} = {CE298CF4-01C5-4B89-8D1E-27E6F87FB163}
		{F1CE05E9-0CE8-46EE-BAC8-9A80EA5E36E6} = {CE298CF4-01C5-4B89-8D1E-27E6F87FB163}
		{5DD68CF9-D19C-49F4-9A41-DF2921ACD727} = {CE298CF4-01C5-4B89-8D1E-27E6F87FB163}
		{30B96EA9-24E1-4692-9BAB-8C26283EE723} = {1F153935-3BC6-4865-843E-828A64F13D18}
		{39358A0D-1542-4428-8632-7538AE1E127F} = {1F153935-3BC6-4865-843E-828A64F13D18}
		{CB881EE6-FFDB-4F09-98C7-832DB59E278D} = {1F153935-3BC6-4865-843E-828A64F13D18}
	EndGlobalSection
	GlobalSection(ExtensibilityGlobals) = postSolution
		SolutionGuid = {C0C04E79-5A7D-44DB-9A59-301E25A2C5D7}
	EndGlobalSection
EndGlobal
